// !$*UTF8*$!
{
	archiveVersion = 1;
	classes = {
	};
	objectVersion = 46;
	objects = {

/* Begin PBXBuildFile section */
		227DD78A1CFEBB45008544A5 /* AppDelegate.swift in Sources */ = {isa = PBXBuildFile; fileRef = 227DD7891CFEBB45008544A5 /* AppDelegate.swift */; };
		227DD78C1CFEBB45008544A5 /* FaceViewController.swift in Sources */ = {isa = PBXBuildFile; fileRef = 227DD78B1CFEBB45008544A5 /* FaceViewController.swift */; };
		227DD78F1CFEBB45008544A5 /* Main.storyboard in Resources */ = {isa = PBXBuildFile; fileRef = 227DD78D1CFEBB45008544A5 /* Main.storyboard */; };
		227DD7921CFEBB45008544A5 /* FaceIt.xcdatamodeld in Sources */ = {isa = PBXBuildFile; fileRef = 227DD7901CFEBB45008544A5 /* FaceIt.xcdatamodeld */; };
		227DD7941CFEBB45008544A5 /* Assets.xcassets in Resources */ = {isa = PBXBuildFile; fileRef = 227DD7931CFEBB45008544A5 /* Assets.xcassets */; };
		227DD7971CFEBB45008544A5 /* LaunchScreen.storyboard in Resources */ = {isa = PBXBuildFile; fileRef = 227DD7951CFEBB45008544A5 /* LaunchScreen.storyboard */; };
		227DD7A21CFEBB45008544A5 /* FaceItTests.swift in Sources */ = {isa = PBXBuildFile; fileRef = 227DD7A11CFEBB45008544A5 /* FaceItTests.swift */; };
		227DD7AD1CFEBB45008544A5 /* FaceItUITests.swift in Sources */ = {isa = PBXBuildFile; fileRef = 227DD7AC1CFEBB45008544A5 /* FaceItUITests.swift */; };
		227DD7BE1CFEBF05008544A5 /* FaceView.swift in Sources */ = {isa = PBXBuildFile; fileRef = 227DD7BD1CFEBF05008544A5 /* FaceView.swift */; };
		229B076D1CFEFF2B00DAF70F /* FacialExpression.swift in Sources */ = {isa = PBXBuildFile; fileRef = 229B076C1CFEFF2B00DAF70F /* FacialExpression.swift */; };
/* End PBXBuildFile section */

/* Begin PBXContainerItemProxy section */
		227DD79E1CFEBB45008544A5 /* PBXContainerItemProxy */ = {
			isa = PBXContainerItemProxy;
			containerPortal = 227DD77E1CFEBB45008544A5 /* Project object */;
			proxyType = 1;
			remoteGlobalIDString = 227DD7851CFEBB45008544A5;
			remoteInfo = FaceIt;
		};
		227DD7A91CFEBB45008544A5 /* PBXContainerItemProxy */ = {
			isa = PBXContainerItemProxy;
			containerPortal = 227DD77E1CFEBB45008544A5 /* Project object */;
			proxyType = 1;
			remoteGlobalIDString = 227DD7851CFEBB45008544A5;
			remoteInfo = FaceIt;
		};
/* End PBXContainerItemProxy section */

/* Begin PBXFileReference section */
		227DD7861CFEBB45008544A5 /* FaceIt.app */ = {isa = PBXFileReference; explicitFileType = wrapper.application; includeInIndex = 0; path = FaceIt.app; sourceTree = BUILT_PRODUCTS_DIR; };
		227DD7891CFEBB45008544A5 /* AppDelegate.swift */ = {isa = PBXFileReference; lastKnownFileType = sourcecode.swift; path = AppDelegate.swift; sourceTree = "<group>"; };
		227DD78B1CFEBB45008544A5 /* FaceViewController.swift */ = {isa = PBXFileReference; lastKnownFileType = sourcecode.swift; path = FaceViewController.swift; sourceTree = "<group>"; };
		227DD78E1CFEBB45008544A5 /* Base */ = {isa = PBXFileReference; lastKnownFileType = file.storyboard; name = Base; path = Base.lproj/Main.storyboard; sourceTree = "<group>"; };
		227DD7911CFEBB45008544A5 /* FaceIt.xcdatamodel */ = {isa = PBXFileReference; lastKnownFileType = wrapper.xcdatamodel; path = FaceIt.xcdatamodel; sourceTree = "<group>"; };
		227DD7931CFEBB45008544A5 /* Assets.xcassets */ = {isa = PBXFileReference; lastKnownFileType = folder.assetcatalog; path = Assets.xcassets; sourceTree = "<group>"; };
		227DD7961CFEBB45008544A5 /* Base */ = {isa = PBXFileReference; lastKnownFileType = file.storyboard; name = Base; path = Base.lproj/LaunchScreen.storyboard; sourceTree = "<group>"; };
		227DD7981CFEBB45008544A5 /* Info.plist */ = {isa = PBXFileReference; lastKnownFileType = text.plist.xml; path = Info.plist; sourceTree = "<group>"; };
		227DD79D1CFEBB45008544A5 /* FaceItTests.xctest */ = {isa = PBXFileReference; explicitFileType = wrapper.cfbundle; includeInIndex = 0; path = FaceItTests.xctest; sourceTree = BUILT_PRODUCTS_DIR; };
		227DD7A11CFEBB45008544A5 /* FaceItTests.swift */ = {isa = PBXFileReference; lastKnownFileType = sourcecode.swift; path = FaceItTests.swift; sourceTree = "<group>"; };
		227DD7A31CFEBB45008544A5 /* Info.plist */ = {isa = PBXFileReference; lastKnownFileType = text.plist.xml; path = Info.plist; sourceTree = "<group>"; };
		227DD7A81CFEBB45008544A5 /* FaceItUITests.xctest */ = {isa = PBXFileReference; explicitFileType = wrapper.cfbundle; includeInIndex = 0; path = FaceItUITests.xctest; sourceTree = BUILT_PRODUCTS_DIR; };
		227DD7AC1CFEBB45008544A5 /* FaceItUITests.swift */ = {isa = PBXFileReference; lastKnownFileType = sourcecode.swift; path = FaceItUITests.swift; sourceTree = "<group>"; };
		227DD7AE1CFEBB45008544A5 /* Info.plist */ = {isa = PBXFileReference; lastKnownFileType = text.plist.xml; path = Info.plist; sourceTree = "<group>"; };
		227DD7BD1CFEBF05008544A5 /* FaceView.swift */ = {isa = PBXFileReference; fileEncoding = 4; lastKnownFileType = sourcecode.swift; path = FaceView.swift; sourceTree = "<group>"; };
		229B076C1CFEFF2B00DAF70F /* FacialExpression.swift */ = {isa = PBXFileReference; fileEncoding = 4; lastKnownFileType = sourcecode.swift; path = FacialExpression.swift; sourceTree = "<group>"; };
/* End PBXFileReference section */

/* Begin PBXFrameworksBuildPhase section */
		227DD7831CFEBB45008544A5 /* Frameworks */ = {
			isa = PBXFrameworksBuildPhase;
			buildActionMask = 2147483647;
			files = (
			);
			runOnlyForDeploymentPostprocessing = 0;
		};
		227DD79A1CFEBB45008544A5 /* Frameworks */ = {
			isa = PBXFrameworksBuildPhase;
			buildActionMask = 2147483647;
			files = (
			);
			runOnlyForDeploymentPostprocessing = 0;
		};
		227DD7A51CFEBB45008544A5 /* Frameworks */ = {
			isa = PBXFrameworksBuildPhase;
			buildActionMask = 2147483647;
			files = (
			);
			runOnlyForDeploymentPostprocessing = 0;
		};
/* End PBXFrameworksBuildPhase section */

/* Begin PBXGroup section */
		227DD77D1CFEBB45008544A5 = {
			isa = PBXGroup;
			children = (
				227DD7881CFEBB45008544A5 /* FaceIt */,
				227DD7A01CFEBB45008544A5 /* FaceItTests */,
				227DD7AB1CFEBB45008544A5 /* FaceItUITests */,
				227DD7871CFEBB45008544A5 /* Products */,
			);
			sourceTree = "<group>";
		};
		227DD7871CFEBB45008544A5 /* Products */ = {
			isa = PBXGroup;
			children = (
				227DD7861CFEBB45008544A5 /* FaceIt.app */,
				227DD79D1CFEBB45008544A5 /* FaceItTests.xctest */,
				227DD7A81CFEBB45008544A5 /* FaceItUITests.xctest */,
			);
			name = Products;
			sourceTree = "<group>";
		};
		227DD7881CFEBB45008544A5 /* FaceIt */ = {
			isa = PBXGroup;
			children = (
				227DD78B1CFEBB45008544A5 /* FaceViewController.swift */,
				227DD7BD1CFEBF05008544A5 /* FaceView.swift */,
				227DD78D1CFEBB45008544A5 /* Main.storyboard */,
				229B076C1CFEFF2B00DAF70F /* FacialExpression.swift */,
				227DD7BA1CFEBB71008544A5 /* Supportting Files */,
			);
			path = FaceIt;
			sourceTree = "<group>";
		};
		227DD7A01CFEBB45008544A5 /* FaceItTests */ = {
			isa = PBXGroup;
			children = (
				227DD7A11CFEBB45008544A5 /* FaceItTests.swift */,
				227DD7A31CFEBB45008544A5 /* Info.plist */,
			);
			path = FaceItTests;
			sourceTree = "<group>";
		};
		227DD7AB1CFEBB45008544A5 /* FaceItUITests */ = {
			isa = PBXGroup;
			children = (
				227DD7AC1CFEBB45008544A5 /* FaceItUITests.swift */,
				227DD7AE1CFEBB45008544A5 /* Info.plist */,
			);
			path = FaceItUITests;
			sourceTree = "<group>";
		};
		227DD7BA1CFEBB71008544A5 /* Supportting Files */ = {
			isa = PBXGroup;
			children = (
				227DD7891CFEBB45008544A5 /* AppDelegate.swift */,
				227DD7931CFEBB45008544A5 /* Assets.xcassets */,
				227DD7951CFEBB45008544A5 /* LaunchScreen.storyboard */,
				227DD7981CFEBB45008544A5 /* Info.plist */,
				227DD7901CFEBB45008544A5 /* FaceIt.xcdatamodeld */,
			);
			name = "Supportting Files";
			sourceTree = "<group>";
		};
/* End PBXGroup section */

/* Begin PBXNativeTarget section */
		227DD7851CFEBB45008544A5 /* FaceIt */ = {
			isa = PBXNativeTarget;
			buildConfigurationList = 227DD7B11CFEBB45008544A5 /* Build configuration list for PBXNativeTarget "FaceIt" */;
			buildPhases = (
				227DD7821CFEBB45008544A5 /* Sources */,
				227DD7831CFEBB45008544A5 /* Frameworks */,
				227DD7841CFEBB45008544A5 /* Resources */,
			);
			buildRules = (
			);
			dependencies = (
			);
			name = FaceIt;
			productName = FaceIt;
			productReference = 227DD7861CFEBB45008544A5 /* FaceIt.app */;
			productType = "com.apple.product-type.application";
		};
		227DD79C1CFEBB45008544A5 /* FaceItTests */ = {
			isa = PBXNativeTarget;
			buildConfigurationList = 227DD7B41CFEBB45008544A5 /* Build configuration list for PBXNativeTarget "FaceItTests" */;
			buildPhases = (
				227DD7991CFEBB45008544A5 /* Sources */,
				227DD79A1CFEBB45008544A5 /* Frameworks */,
				227DD79B1CFEBB45008544A5 /* Resources */,
			);
			buildRules = (
			);
			dependencies = (
				227DD79F1CFEBB45008544A5 /* PBXTargetDependency */,
			);
			name = FaceItTests;
			productName = FaceItTests;
			productReference = 227DD79D1CFEBB45008544A5 /* FaceItTests.xctest */;
			productType = "com.apple.product-type.bundle.unit-test";
		};
		227DD7A71CFEBB45008544A5 /* FaceItUITests */ = {
			isa = PBXNativeTarget;
			buildConfigurationList = 227DD7B71CFEBB45008544A5 /* Build configuration list for PBXNativeTarget "FaceItUITests" */;
			buildPhases = (
				227DD7A41CFEBB45008544A5 /* Sources */,
				227DD7A51CFEBB45008544A5 /* Frameworks */,
				227DD7A61CFEBB45008544A5 /* Resources */,
			);
			buildRules = (
			);
			dependencies = (
				227DD7AA1CFEBB45008544A5 /* PBXTargetDependency */,
			);
			name = FaceItUITests;
			productName = FaceItUITests;
			productReference = 227DD7A81CFEBB45008544A5 /* FaceItUITests.xctest */;
			productType = "com.apple.product-type.bundle.ui-testing";
		};
/* End PBXNativeTarget section */

/* Begin PBXProject section */
		227DD77E1CFEBB45008544A5 /* Project object */ = {
			isa = PBXProject;
			attributes = {
				LastSwiftUpdateCheck = 0730;
				LastUpgradeCheck = 0730;
				ORGANIZATIONNAME = yishain;
				TargetAttributes = {
					227DD7851CFEBB45008544A5 = {
						CreatedOnToolsVersion = 7.3.1;
					};
					227DD79C1CFEBB45008544A5 = {
						CreatedOnToolsVersion = 7.3.1;
						TestTargetID = 227DD7851CFEBB45008544A5;
					};
					227DD7A71CFEBB45008544A5 = {
						CreatedOnToolsVersion = 7.3.1;
						TestTargetID = 227DD7851CFEBB45008544A5;
					};
				};
			};
			buildConfigurationList = 227DD7811CFEBB45008544A5 /* Build configuration list for PBXProject "FaceIt" */;
			compatibilityVersion = "Xcode 3.2";
			developmentRegion = English;
			hasScannedForEncodings = 0;
			knownRegions = (
				en,
				Base,
			);
			mainGroup = 227DD77D1CFEBB45008544A5;
			productRefGroup = 227DD7871CFEBB45008544A5 /* Products */;
			projectDirPath = "";
			projectRoot = "";
			targets = (
				227DD7851CFEBB45008544A5 /* FaceIt */,
				227DD79C1CFEBB45008544A5 /* FaceItTests */,
				227DD7A71CFEBB45008544A5 /* FaceItUITests */,
			);
		};
/* End PBXProject section */

/* Begin PBXResourcesBuildPhase section */
		227DD7841CFEBB45008544A5 /* Resources */ = {
			isa = PBXResourcesBuildPhase;
			buildActionMask = 2147483647;
			files = (
				227DD7971CFEBB45008544A5 /* LaunchScreen.storyboard in Resources */,
				227DD7941CFEBB45008544A5 /* Assets.xcassets in Resources */,
				227DD78F1CFEBB45008544A5 /* Main.storyboard in Resources */,
			);
			runOnlyForDeploymentPostprocessing = 0;
		};
		227DD79B1CFEBB45008544A5 /* Resources */ = {
			isa = PBXResourcesBuildPhase;
			buildActionMask = 2147483647;
			files = (
			);
			runOnlyForDeploymentPostprocessing = 0;
		};
		227DD7A61CFEBB45008544A5 /* Resources */ = {
			isa = PBXResourcesBuildPhase;
			buildActionMask = 2147483647;
			files = (
			);
			runOnlyForDeploymentPostprocessing = 0;
		};
/* End PBXResourcesBuildPhase section */

/* Begin PBXSourcesBuildPhase section */
		227DD7821CFEBB45008544A5 /* Sources */ = {
			isa = PBXSourcesBuildPhase;
			buildActionMask = 2147483647;
			files = (
				227DD78C1CFEBB45008544A5 /* FaceViewController.swift in Sources */,
				227DD7921CFEBB45008544A5 /* FaceIt.xcdatamodeld in Sources */,
				229B076D1CFEFF2B00DAF70F /* FacialExpression.swift in Sources */,
				227DD78A1CFEBB45008544A5 /* AppDelegate.swift in Sources */,
				227DD7BE1CFEBF05008544A5 /* FaceView.swift in Sources */,
			);
			runOnlyForDeploymentPostprocessing = 0;
		};
		227DD7991CFEBB45008544A5 /* Sources */ = {
			isa = PBXSourcesBuildPhase;
			buildActionMask = 2147483647;
			files = (
				227DD7A21CFEBB45008544A5 /* FaceItTests.swift in Sources */,
			);
			runOnlyForDeploymentPostprocessing = 0;
		};
		227DD7A41CFEBB45008544A5 /* Sources */ = {
			isa = PBXSourcesBuildPhase;
			buildActionMask = 2147483647;
			files = (
				227DD7AD1CFEBB45008544A5 /* FaceItUITests.swift in Sources */,
			);
			runOnlyForDeploymentPostprocessing = 0;
		};
/* End PBXSourcesBuildPhase section */

/* Begin PBXTargetDependency section */
		227DD79F1CFEBB45008544A5 /* PBXTargetDependency */ = {
			isa = PBXTargetDependency;
			target = 227DD7851CFEBB45008544A5 /* FaceIt */;
			targetProxy = 227DD79E1CFEBB45008544A5 /* PBXContainerItemProxy */;
		};
		227DD7AA1CFEBB45008544A5 /* PBXTargetDependency */ = {
			isa = PBXTargetDependency;
			target = 227DD7851CFEBB45008544A5 /* FaceIt */;
			targetProxy = 227DD7A91CFEBB45008544A5 /* PBXContainerItemProxy */;
		};
/* End PBXTargetDependency section */

/* Begin PBXVariantGroup section */
		227DD78D1CFEBB45008544A5 /* Main.storyboard */ = {
			isa = PBXVariantGroup;
			children = (
				227DD78E1CFEBB45008544A5 /* Base */,
			);
			name = Main.storyboard;
			sourceTree = "<group>";
		};
		227DD7951CFEBB45008544A5 /* LaunchScreen.storyboard */ = {
			isa = PBXVariantGroup;
			children = (
				227DD7961CFEBB45008544A5 /* Base */,
			);
			name = LaunchScreen.storyboard;
			sourceTree = "<group>";
		};
/* End PBXVariantGroup section */

/* Begin XCBuildConfiguration section */
		227DD7AF1CFEBB45008544A5 /* Debug */ = {
			isa = XCBuildConfiguration;
			buildSettings = {
				ALWAYS_SEARCH_USER_PATHS = NO;
				CLANG_ANALYZER_NONNULL = YES;
				CLANG_CXX_LANGUAGE_STANDARD = "gnu++0x";
				CLANG_CXX_LIBRARY = "libc++";
				CLANG_ENABLE_MODULES = YES;
				CLANG_ENABLE_OBJC_ARC = YES;
				CLANG_WARN_BOOL_CONVERSION = YES;
				CLANG_WARN_CONSTANT_CONVERSION = YES;
				CLANG_WARN_DIRECT_OBJC_ISA_USAGE = YES_ERROR;
				CLANG_WARN_EMPTY_BODY = YES;
				CLANG_WARN_ENUM_CONVERSION = YES;
				CLANG_WARN_INT_CONVERSION = YES;
				CLANG_WARN_OBJC_ROOT_CLASS = YES_ERROR;
				CLANG_WARN_UNREACHABLE_CODE = YES;
				CLANG_WARN__DUPLICATE_METHOD_MATCH = YES;
				"CODE_SIGN_IDENTITY[sdk=iphoneos*]" = "iPhone Developer";
				COPY_PHASE_STRIP = NO;
				DEBUG_INFORMATION_FORMAT = dwarf;
				ENABLE_STRICT_OBJC_MSGSEND = YES;
				ENABLE_TESTABILITY = YES;
				GCC_C_LANGUAGE_STANDARD = gnu99;
				GCC_DYNAMIC_NO_PIC = NO;
				GCC_NO_COMMON_BLOCKS = YES;
				GCC_OPTIMIZATION_LEVEL = 0;
				GCC_PREPROCESSOR_DEFINITIONS = (
					"DEBUG=1",
					"$(inherited)",
				);
				GCC_WARN_64_TO_32_BIT_CONVERSION = YES;
				GCC_WARN_ABOUT_RETURN_TYPE = YES_ERROR;
				GCC_WARN_UNDECLARED_SELECTOR = YES;
				GCC_WARN_UNINITIALIZED_AUTOS = YES_AGGRESSIVE;
				GCC_WARN_UNUSED_FUNCTION = YES;
				GCC_WARN_UNUSED_VARIABLE = YES;
				IPHONEOS_DEPLOYMENT_TARGET = 9.3;
				MTL_ENABLE_DEBUG_INFO = YES;
				ONLY_ACTIVE_ARCH = YES;
				SDKROOT = iphoneos;
				SWIFT_OPTIMIZATION_LEVEL = "-Onone";
				TARGETED_DEVICE_FAMILY = "1,2";
			};
			name = Debug;
		};
		227DD7B01CFEBB45008544A5 /* Release */ = {
			isa = XCBuildConfiguration;
			buildSettings = {
				ALWAYS_SEARCH_USER_PATHS = NO;
				CLANG_ANALYZER_NONNULL = YES;
				CLANG_CXX_LANGUAGE_STANDARD = "gnu++0x";
				CLANG_CXX_LIBRARY = "libc++";
				CLANG_ENABLE_MODULES = YES;
				CLANG_ENABLE_OBJC_ARC = YES;
				CLANG_WARN_BOOL_CONVERSION = YES;
				CLANG_WARN_CONSTANT_CONVERSION = YES;
				CLANG_WARN_DIRECT_OBJC_ISA_USAGE = YES_ERROR;
				CLANG_WARN_EMPTY_BODY = YES;
				CLANG_WARN_ENUM_CONVERSION = YES;
				CLANG_WARN_INT_CONVERSION = YES;
				CLANG_WARN_OBJC_ROOT_CLASS = YES_ERROR;
				CLANG_WARN_UNREACHABLE_CODE = YES;
				CLANG_WARN__DUPLICATE_METHOD_MATCH = YES;
				"CODE_SIGN_IDENTITY[sdk=iphoneos*]" = "iPhone Developer";
				COPY_PHASE_STRIP = NO;
				DEBUG_INFORMATION_FORMAT = "dwarf-with-dsym";
				ENABLE_NS_ASSERTIONS = NO;
				ENABLE_STRICT_OBJC_MSGSEND = YES;
				GCC_C_LANGUAGE_STANDARD = gnu99;
				GCC_NO_COMMON_BLOCKS = YES;
				GCC_WARN_64_TO_32_BIT_CONVERSION = YES;
				GCC_WARN_ABOUT_RETURN_TYPE = YES_ERROR;
				GCC_WARN_UNDECLARED_SELECTOR = YES;
				GCC_WARN_UNINITIALIZED_AUTOS = YES_AGGRESSIVE;
				GCC_WARN_UNUSED_FUNCTION = YES;
				GCC_WARN_UNUSED_VARIABLE = YES;
				IPHONEOS_DEPLOYMENT_TARGET = 9.3;
				MTL_ENABLE_DEBUG_INFO = NO;
				SDKROOT = iphoneos;
				TARGETED_DEVICE_FAMILY = "1,2";
				VALIDATE_PRODUCT = YES;
			};
			name = Release;
		};
		227DD7B21CFEBB45008544A5 /* Debug */ = {
			isa = XCBuildConfiguration;
			buildSettings = {
				ASSETCATALOG_COMPILER_APPICON_NAME = AppIcon;
				INFOPLIST_FILE = FaceIt/Info.plist;
				LD_RUNPATH_SEARCH_PATHS = "$(inherited) @executable_path/Frameworks";
				PRODUCT_BUNDLE_IDENTIFIER = yishain.FaceIt;
				PRODUCT_NAME = "$(TARGET_NAME)";
			};
			name = Debug;
		};
		227DD7B31CFEBB45008544A5 /* Release */ = {
			isa = XCBuildConfiguration;
			buildSettings = {
				ASSETCATALOG_COMPILER_APPICON_NAME = AppIcon;
				INFOPLIST_FILE = FaceIt/Info.plist;
				LD_RUNPATH_SEARCH_PATHS = "$(inherited) @executable_path/Frameworks";
				PRODUCT_BUNDLE_IDENTIFIER = yishain.FaceIt;
				PRODUCT_NAME = "$(TARGET_NAME)";
			};
			name = Release;
		};
		227DD7B51CFEBB45008544A5 /* Debug */ = {
			isa = XCBuildConfiguration;
			buildSettings = {
				BUNDLE_LOADER = "$(TEST_HOST)";
				INFOPLIST_FILE = FaceItTests/Info.plist;
				LD_RUNPATH_SEARCH_PATHS = "$(inherited) @executable_path/Frameworks @loader_path/Frameworks";
				PRODUCT_BUNDLE_IDENTIFIER = yishain.FaceItTests;
				PRODUCT_NAME = "$(TARGET_NAME)";
				TEST_HOST = "$(BUILT_PRODUCTS_DIR)/FaceIt.app/FaceIt";
			};
			name = Debug;
		};
		227DD7B61CFEBB45008544A5 /* Release */ = {
			isa = XCBuildConfiguration;
			buildSettings = {
				BUNDLE_LOADER = "$(TEST_HOST)";
				INFOPLIST_FILE = FaceItTests/Info.plist;
				LD_RUNPATH_SEARCH_PATHS = "$(inherited) @executable_path/Frameworks @loader_path/Frameworks";
				PRODUCT_BUNDLE_IDENTIFIER = yishain.FaceItTests;
				PRODUCT_NAME = "$(TARGET_NAME)";
				TEST_HOST = "$(BUILT_PRODUCTS_DIR)/FaceIt.app/FaceIt";
			};
			name = Release;
		};
		227DD7B81CFEBB45008544A5 /* Debug */ = {
			isa = XCBuildConfiguration;
			buildSettings = {
				INFOPLIST_FILE = FaceItUITests/Info.plist;
				LD_RUNPATH_SEARCH_PATHS = "$(inherited) @executable_path/Frameworks @loader_path/Frameworks";
				PRODUCT_BUNDLE_IDENTIFIER = yishain.FaceItUITests;
				PRODUCT_NAME = "$(TARGET_NAME)";
				TEST_TARGET_NAME = FaceIt;
			};
			name = Debug;
		};
		227DD7B91CFEBB45008544A5 /* Release */ = {
			isa = XCBuildConfiguration;
			buildSettings = {
				INFOPLIST_FILE = FaceItUITests/Info.plist;
				LD_RUNPATH_SEARCH_PATHS = "$(inherited) @executable_path/Frameworks @loader_path/Frameworks";
				PRODUCT_BUNDLE_IDENTIFIER = yishain.FaceItUITests;
				PRODUCT_NAME = "$(TARGET_NAME)";
				TEST_TARGET_NAME = FaceIt;
			};
			name = Release;
		};
/* End XCBuildConfiguration section */

/* Begin XCConfigurationList section */
		227DD7811CFEBB45008544A5 /* Build configuration list for PBXProject "FaceIt" */ = {
			isa = XCConfigurationList;
			buildConfigurations = (
				227DD7AF1CFEBB45008544A5 /* Debug */,
				227DD7B01CFEBB45008544A5 /* Release */,
			);
			defaultConfigurationIsVisible = 0;
			defaultConfigurationName = Release;
		};
		227DD7B11CFEBB45008544A5 /* Build configuration list for PBXNativeTarget "FaceIt" */ = {
			isa = XCConfigurationList;
			buildConfigurations = (
				227DD7B21CFEBB45008544A5 /* Debug */,
				227DD7B31CFEBB45008544A5 /* Release */,
			);
			defaultConfigurationIsVisible = 0;
			defaultConfigurationName = Release;
		};
		227DD7B41CFEBB45008544A5 /* Build configuration list for PBXNativeTarget "FaceItTests" */ = {
			isa = XCConfigurationList;
			buildConfigurations = (
				227DD7B51CFEBB45008544A5 /* Debug */,
				227DD7B61CFEBB45008544A5 /* Release */,
			);
			defaultConfigurationIsVisible = 0;
			defaultConfigurationName = Release;
		};
		227DD7B71CFEBB45008544A5 /* Build configuration list for PBXNativeTarget "FaceItUITests" */ = {
			isa = XCConfigurationList;
			buildConfigurations = (
				227DD7B81CFEBB45008544A5 /* Debug */,
				227DD7B91CFEBB45008544A5 /* Release */,
			);
			defaultConfigurationIsVisible = 0;
			defaultConfigurationName = Release;
		};
/* End XCConfigurationList section */

/* Begin XCVersionGroup section */
		227DD7901CFEBB45008544A5 /* FaceIt.xcdatamodeld */ = {
			isa = XCVersionGroup;
			children = (
				227DD7911CFEBB45008544A5 /* FaceIt.xcdatamodel */,
			);
			currentVersion = 227DD7911CFEBB45008544A5 /* FaceIt.xcdatamodel */;
			path = FaceIt.xcdatamodeld;
			sourceTree = "<group>";
			versionGroupType = wrapper.xcdatamodel;
		};
/* End XCVersionGroup section */
	};
	rootObject = 227DD77E1CFEBB45008544A5 /* Project object */;
}
